
Microsoft Visual Studio Solution File, Format Version 12.00
# Visual Studio 15
VisualStudioVersion = 15.0.28010.2036
MinimumVisualStudioVersion = 10.0.40219.1
Project("{FAE04EC0-301F-11D3-BF4B-00C04F79EFBC}") = "CV_4", "CV_4\CV_4.csproj", "{538B81F4-799E-4633-A798-0BEBC5F04A42}"
EndProject
Global
	GlobalSection(SolutionConfigurationPlatforms) = preSolution
		Debug|Any CPU = Debug|Any CPU
		Release|Any CPU = Release|Any CPU
	EndGlobalSection
	GlobalSection(ProjectConfigurationPlatforms) = postSolution
		{538B81F4-799E-4633-A798-0BEBC5F04A42}.Debug|Any CPU.ActiveCfg = Debug|Any CPU
		{538B81F4-799E-4633-A798-0BEBC5F04A42}.Debug|Any CPU.Build.0 = Debug|Any CPU
		{538B81F4-799E-4633-A798-0BEBC5F04A42}.Release|Any CPU.ActiveCfg = Release|Any CPU
		{538B81F4-799E-4633-A798-0BEBC5F04A42}.Release|Any CPU.Build.0 = Release|Any CPU
	EndGlobalSection
	GlobalSection(SolutionProperties) = preSolution
		HideSolutionNode = FALSE
	EndGlobalSection
	GlobalSection(ExtensibilityGlobals) = postSolution
		SolutionGuid = {87E31B86-1F48-4613-91EF-255BDB8CCD88}
	EndGlobalSection
EndGlobal
