
Microsoft Visual Studio Solution File, Format Version 12.00
# Visual Studio 15
VisualStudioVersion = 15.0.28307.329
MinimumVisualStudioVersion = 10.0.40219.1
Project("{FAE04EC0-301F-11D3-BF4B-00C04F79EFBC}") = "Project3_GameOfLife", "Project3_GameOfLife\Project3_GameOfLife.csproj", "{D7B07E7B-E857-4A49-96BD-529E5D82BB6E}"
EndProject
Global
	GlobalSection(SolutionConfigurationPlatforms) = preSolution
		Debug|Any CPU = Debug|Any CPU
		Release|Any CPU = Release|Any CPU
	EndGlobalSection
	GlobalSection(ProjectConfigurationPlatforms) = postSolution
		{D7B07E7B-E857-4A49-96BD-529E5D82BB6E}.Debug|Any CPU.ActiveCfg = Debug|Any CPU
		{D7B07E7B-E857-4A49-96BD-529E5D82BB6E}.Debug|Any CPU.Build.0 = Debug|Any CPU
		{D7B07E7B-E857-4A49-96BD-529E5D82BB6E}.Release|Any CPU.ActiveCfg = Release|Any CPU
		{D7B07E7B-E857-4A49-96BD-529E5D82BB6E}.Release|Any CPU.Build.0 = Release|Any CPU
	EndGlobalSection
	GlobalSection(SolutionProperties) = preSolution
		HideSolutionNode = FALSE
	EndGlobalSection
	GlobalSection(ExtensibilityGlobals) = postSolution
		SolutionGuid = {C25F0959-DEEC-4E94-AB64-35F780214A65}
	EndGlobalSection
EndGlobal
